
Microsoft Visual Studio Solution File, Format Version 12.00
# Visual Studio Version 17
VisualStudioVersion = 17.14.36301.6
MinimumVisualStudioVersion = 10.0.40219.1
Project("{00D1A9C2-B5F0-4AF3-8072-F6C62B433612}") = "NorthWind", "NorthWind.sqlproj", "{3D4DB4B2-0CD6-4BFC-AC81-264ECAEFA88C}"
EndProject
Project("{00D1A9C2-B5F0-4AF3-8072-F6C62B433612}") = "NorthWindDW", "..\NorthWindDW\NorthWindDW.sqlproj", "{6DCF8F50-2A57-4128-B706-601C39B70302}"
EndProject
Project("{C9674DCB-5085-4A16-B785-4C70DD1589BD}") = "NorthwindETL", "..\NorthwindETL\NorthwindETL.dtproj", "{67746886-AA19-8E3A-6FFF-6A392C04F226}"
EndProject
Project("{6870E480-7721-4708-BFB8-9AE898AA21B3}") = "NorthwindOLAP", "..\NorthwindOLAP\NorthwindOLAP.smproj", "{8CE414BB-95B2-4C99-9E03-51BA72086E22}"
EndProject
Global
	GlobalSection(SolutionConfigurationPlatforms) = preSolution
		Debug|Any CPU = Debug|Any CPU
		Debug|x86 = Debug|x86
		Development|Any CPU = Development|Any CPU
		Development|x86 = Development|x86
		Release|Any CPU = Release|Any CPU
		Release|x86 = Release|x86
	EndGlobalSection
	GlobalSection(ProjectConfigurationPlatforms) = postSolution
		{3D4DB4B2-0CD6-4BFC-AC81-264ECAEFA88C}.Debug|Any CPU.ActiveCfg = Debug|Any CPU
		{3D4DB4B2-0CD6-4BFC-AC81-264ECAEFA88C}.Debug|Any CPU.Build.0 = Debug|Any CPU
		{3D4DB4B2-0CD6-4BFC-AC81-264ECAEFA88C}.Debug|Any CPU.Deploy.0 = Debug|Any CPU
		{3D4DB4B2-0CD6-4BFC-AC81-264ECAEFA88C}.Debug|x86.ActiveCfg = Debug|Any CPU
		{3D4DB4B2-0CD6-4BFC-AC81-264ECAEFA88C}.Debug|x86.Build.0 = Debug|Any CPU
		{3D4DB4B2-0CD6-4BFC-AC81-264ECAEFA88C}.Debug|x86.Deploy.0 = Debug|Any CPU
		{3D4DB4B2-0CD6-4BFC-AC81-264ECAEFA88C}.Development|Any CPU.ActiveCfg = Release|Any CPU
		{3D4DB4B2-0CD6-4BFC-AC81-264ECAEFA88C}.Development|Any CPU.Build.0 = Release|Any CPU
		{3D4DB4B2-0CD6-4BFC-AC81-264ECAEFA88C}.Development|Any CPU.Deploy.0 = Release|Any CPU
		{3D4DB4B2-0CD6-4BFC-AC81-264ECAEFA88C}.Development|x86.ActiveCfg = Release|Any CPU
		{3D4DB4B2-0CD6-4BFC-AC81-264ECAEFA88C}.Development|x86.Build.0 = Release|Any CPU
		{3D4DB4B2-0CD6-4BFC-AC81-264ECAEFA88C}.Development|x86.Deploy.0 = Release|Any CPU
		{3D4DB4B2-0CD6-4BFC-AC81-264ECAEFA88C}.Release|Any CPU.ActiveCfg = Release|Any CPU
		{3D4DB4B2-0CD6-4BFC-AC81-264ECAEFA88C}.Release|Any CPU.Build.0 = Release|Any CPU
		{3D4DB4B2-0CD6-4BFC-AC81-264ECAEFA88C}.Release|Any CPU.Deploy.0 = Release|Any CPU
		{3D4DB4B2-0CD6-4BFC-AC81-264ECAEFA88C}.Release|x86.ActiveCfg = Release|Any CPU
		{3D4DB4B2-0CD6-4BFC-AC81-264ECAEFA88C}.Release|x86.Build.0 = Release|Any CPU
		{3D4DB4B2-0CD6-4BFC-AC81-264ECAEFA88C}.Release|x86.Deploy.0 = Release|Any CPU
		{6DCF8F50-2A57-4128-B706-601C39B70302}.Debug|Any CPU.ActiveCfg = Debug|Any CPU
		{6DCF8F50-2A57-4128-B706-601C39B70302}.Debug|Any CPU.Build.0 = Debug|Any CPU
		{6DCF8F50-2A57-4128-B706-601C39B70302}.Debug|Any CPU.Deploy.0 = Debug|Any CPU
		{6DCF8F50-2A57-4128-B706-601C39B70302}.Debug|x86.ActiveCfg = Debug|Any CPU
		{6DCF8F50-2A57-4128-B706-601C39B70302}.Debug|x86.Build.0 = Debug|Any CPU
		{6DCF8F50-2A57-4128-B706-601C39B70302}.Debug|x86.Deploy.0 = Debug|Any CPU
		{6DCF8F50-2A57-4128-B706-601C39B70302}.Development|Any CPU.ActiveCfg = Release|Any CPU
		{6DCF8F50-2A57-4128-B706-601C39B70302}.Development|Any CPU.Build.0 = Release|Any CPU
		{6DCF8F50-2A57-4128-B706-601C39B70302}.Development|Any CPU.Deploy.0 = Release|Any CPU
		{6DCF8F50-2A57-4128-B706-601C39B70302}.Development|x86.ActiveCfg = Release|Any CPU
		{6DCF8F50-2A57-4128-B706-601C39B70302}.Development|x86.Build.0 = Release|Any CPU
		{6DCF8F50-2A57-4128-B706-601C39B70302}.Development|x86.Deploy.0 = Release|Any CPU
		{6DCF8F50-2A57-4128-B706-601C39B70302}.Release|Any CPU.ActiveCfg = Release|Any CPU
		{6DCF8F50-2A57-4128-B706-601C39B70302}.Release|Any CPU.Build.0 = Release|Any CPU
		{6DCF8F50-2A57-4128-B706-601C39B70302}.Release|Any CPU.Deploy.0 = Release|Any CPU
		{6DCF8F50-2A57-4128-B706-601C39B70302}.Release|x86.ActiveCfg = Release|Any CPU
		{6DCF8F50-2A57-4128-B706-601C39B70302}.Release|x86.Build.0 = Release|Any CPU
		{6DCF8F50-2A57-4128-B706-601C39B70302}.Release|x86.Deploy.0 = Release|Any CPU
		{67746886-AA19-8E3A-6FFF-6A392C04F226}.Debug|Any CPU.ActiveCfg = Development
		{67746886-AA19-8E3A-6FFF-6A392C04F226}.Debug|Any CPU.Build.0 = Development
		{67746886-AA19-8E3A-6FFF-6A392C04F226}.Debug|x86.ActiveCfg = Development
		{67746886-AA19-8E3A-6FFF-6A392C04F226}.Debug|x86.Build.0 = Development
		{67746886-AA19-8E3A-6FFF-6A392C04F226}.Development|Any CPU.ActiveCfg = Development
		{67746886-AA19-8E3A-6FFF-6A392C04F226}.Development|Any CPU.Build.0 = Development
		{67746886-AA19-8E3A-6FFF-6A392C04F226}.Development|x86.ActiveCfg = Development
		{67746886-AA19-8E3A-6FFF-6A392C04F226}.Development|x86.Build.0 = Development
		{67746886-AA19-8E3A-6FFF-6A392C04F226}.Release|Any CPU.ActiveCfg = Development
		{67746886-AA19-8E3A-6FFF-6A392C04F226}.Release|Any CPU.Build.0 = Development
		{67746886-AA19-8E3A-6FFF-6A392C04F226}.Release|x86.ActiveCfg = Development
		{67746886-AA19-8E3A-6FFF-6A392C04F226}.Release|x86.Build.0 = Development
		{8CE414BB-95B2-4C99-9E03-51BA72086E22}.Debug|Any CPU.ActiveCfg = Development|x86
		{8CE414BB-95B2-4C99-9E03-51BA72086E22}.Debug|Any CPU.Build.0 = Development|x86
		{8CE414BB-95B2-4C99-9E03-51BA72086E22}.Debug|Any CPU.Deploy.0 = Development|x86
		{8CE414BB-95B2-4C99-9E03-51BA72086E22}.Debug|x86.ActiveCfg = Development|x86
		{8CE414BB-95B2-4C99-9E03-51BA72086E22}.Debug|x86.Build.0 = Development|x86
		{8CE414BB-95B2-4C99-9E03-51BA72086E22}.Debug|x86.Deploy.0 = Development|x86
		{8CE414BB-95B2-4C99-9E03-51BA72086E22}.Development|Any CPU.ActiveCfg = Development|x86
		{8CE414BB-95B2-4C99-9E03-51BA72086E22}.Development|Any CPU.Build.0 = Development|x86
		{8CE414BB-95B2-4C99-9E03-51BA72086E22}.Development|Any CPU.Deploy.0 = Development|x86
		{8CE414BB-95B2-4C99-9E03-51BA72086E22}.Development|x86.ActiveCfg = Development|x86
		{8CE414BB-95B2-4C99-9E03-51BA72086E22}.Development|x86.Build.0 = Development|x86
		{8CE414BB-95B2-4C99-9E03-51BA72086E22}.Development|x86.Deploy.0 = Development|x86
		{8CE414BB-95B2-4C99-9E03-51BA72086E22}.Release|Any CPU.ActiveCfg = Development|x86
		{8CE414BB-95B2-4C99-9E03-51BA72086E22}.Release|Any CPU.Build.0 = Development|x86
		{8CE414BB-95B2-4C99-9E03-51BA72086E22}.Release|Any CPU.Deploy.0 = Development|x86
		{8CE414BB-95B2-4C99-9E03-51BA72086E22}.Release|x86.ActiveCfg = Development|x86
		{8CE414BB-95B2-4C99-9E03-51BA72086E22}.Release|x86.Build.0 = Development|x86
		{8CE414BB-95B2-4C99-9E03-51BA72086E22}.Release|x86.Deploy.0 = Development|x86
	EndGlobalSection
	GlobalSection(SolutionProperties) = preSolution
		HideSolutionNode = FALSE
	EndGlobalSection
	GlobalSection(ExtensibilityGlobals) = postSolution
		SolutionGuid = {6F420262-5675-4875-B559-6276FE13A21A}
	EndGlobalSection
EndGlobal
